
Microsoft Visual Studio Solution File, Format Version 11.00
# Visual Studio 2010
Project("{FAE04EC0-301F-11D3-BF4B-00C04F79EFBC}") = "SetCover", "SetCover\SetCover.csproj", "{2CD68D3A-2F47-4ED3-A317-D34CA1762021}"
EndProject
Global
	GlobalSection(SolutionConfigurationPlatforms) = preSolution
		Debug|Any CPU = Debug|Any CPU
		Release|Any CPU = Release|Any CPU
	EndGlobalSection
	GlobalSection(ProjectConfigurationPlatforms) = postSolution
		{2CD68D3A-2F47-4ED3-A317-D34CA1762021}.Debug|Any CPU.ActiveCfg = Debug|Any CPU
		{2CD68D3A-2F47-4ED3-A317-D34CA1762021}.Debug|Any CPU.Build.0 = Debug|Any CPU
		{2CD68D3A-2F47-4ED3-A317-D34CA1762021}.Release|Any CPU.ActiveCfg = Release|Any CPU
		{2CD68D3A-2F47-4ED3-A317-D34CA1762021}.Release|Any CPU.Build.0 = Release|Any CPU
	EndGlobalSection
	GlobalSection(SolutionProperties) = preSolution
		HideSolutionNode = FALSE
	EndGlobalSection
EndGlobal
